
Microsoft Visual Studio Solution File, Format Version 12.00
# Visual Studio Version 17
VisualStudioVersion = 17.11.35312.102
MinimumVisualStudioVersion = 10.0.40219.1
Project("{9A19103F-16F7-4668-BE54-9A1E7A4F7556}") = "GoTaxi.Api", "GoTaxi.Api\GoTaxi.Api.csproj", "{43540C84-950F-484D-AC72-70CD458D6415}"
EndProject
Project("{FAE04EC0-301F-11D3-BF4B-00C04F79EFBC}") = "GoTaxi.Data", "GoTaxi.Data\GoTaxi.Data.csproj", "{4CAADDBB-C93F-4CEC-91D8-B2623738450C}"
EndProject
Global
	GlobalSection(SolutionConfigurationPlatforms) = preSolution
		Debug|Any CPU = Debug|Any CPU
		Release|Any CPU = Release|Any CPU
	EndGlobalSection
	GlobalSection(ProjectConfigurationPlatforms) = postSolution
		{43540C84-950F-484D-AC72-70CD458D6415}.Debug|Any CPU.ActiveCfg = Debug|Any CPU
		{43540C84-950F-484D-AC72-70CD458D6415}.Debug|Any CPU.Build.0 = Debug|Any CPU
		{43540C84-950F-484D-AC72-70CD458D6415}.Release|Any CPU.ActiveCfg = Release|Any CPU
		{43540C84-950F-484D-AC72-70CD458D6415}.Release|Any CPU.Build.0 = Release|Any CPU
		{4CAADDBB-C93F-4CEC-91D8-B2623738450C}.Debug|Any CPU.ActiveCfg = Debug|Any CPU
		{4CAADDBB-C93F-4CEC-91D8-B2623738450C}.Debug|Any CPU.Build.0 = Debug|Any CPU
		{4CAADDBB-C93F-4CEC-91D8-B2623738450C}.Release|Any CPU.ActiveCfg = Release|Any CPU
		{4CAADDBB-C93F-4CEC-91D8-B2623738450C}.Release|Any CPU.Build.0 = Release|Any CPU
	EndGlobalSection
	GlobalSection(SolutionProperties) = preSolution
		HideSolutionNode = FALSE
	EndGlobalSection
	GlobalSection(ExtensibilityGlobals) = postSolution
		SolutionGuid = {83941705-61A5-4F2B-AE71-FA83A72B63AD}
	EndGlobalSection
EndGlobal
